
Microsoft Visual Studio Solution File, Format Version 12.00
# Visual Studio Version 17
VisualStudioVersion = 17.0.31903.59
MinimumVisualStudioVersion = 10.0.40219.1
Project("{9A19103F-16F7-4668-BE54-9A1E7A4F7556}") = "Elsa.Workflows.Persistence", "Elsa.Workflows.Persistence.csproj", "{4373438A-2B70-4F9D-8829-7EA045F3890A}"
EndProject
Global
	GlobalSection(SolutionConfigurationPlatforms) = preSolution
		Debug|Any CPU = Debug|Any CPU
		Release|Any CPU = Release|Any CPU
	EndGlobalSection
	GlobalSection(ProjectConfigurationPlatforms) = postSolution
		{4373438A-2B70-4F9D-8829-7EA045F3890A}.Debug|Any CPU.ActiveCfg = Debug|Any CPU
		{4373438A-2B70-4F9D-8829-7EA045F3890A}.Debug|Any CPU.Build.0 = Debug|Any CPU
		{4373438A-2B70-4F9D-8829-7EA045F3890A}.Release|Any CPU.ActiveCfg = Release|Any CPU
		{4373438A-2B70-4F9D-8829-7EA045F3890A}.Release|Any CPU.Build.0 = Release|Any CPU
	EndGlobalSection
	GlobalSection(SolutionProperties) = preSolution
		HideSolutionNode = FALSE
	EndGlobalSection
	GlobalSection(ExtensibilityGlobals) = postSolution
		SolutionGuid = {420F3AAA-0DA2-4C53-93F3-1BD58CBBE79D}
	EndGlobalSection
EndGlobal
